
Microsoft Visual Studio Solution File, Format Version 12.00
# Visual Studio 15
VisualStudioVersion = 15.0.28010.2046
MinimumVisualStudioVersion = 10.0.40219.1
Project("{FAE04EC0-301F-11D3-BF4B-00C04F79EFBC}") = "p318_Ex", "p318_Ex\p318_Ex.csproj", "{E7EF7B67-7C4B-4D37-83D8-AF76F9845276}"
EndProject
Project("{FAE04EC0-301F-11D3-BF4B-00C04F79EFBC}") = "p322_Ex", "p322_Ex\p322_Ex.csproj", "{F4F1A892-3B12-4840-98FB-252FD7CB0407}"
EndProject
Project("{FAE04EC0-301F-11D3-BF4B-00C04F79EFBC}") = "ChatServer", "ChatServer\ChatServer.csproj", "{15A5024B-B5C9-439D-B1F5-7754B1F22F73}"
EndProject
Project("{FAE04EC0-301F-11D3-BF4B-00C04F79EFBC}") = "ChatClient", "ChatClient\ChatClient.csproj", "{F3E215DC-F810-470F-819E-608B67AF327C}"
EndProject
Global
	GlobalSection(SolutionConfigurationPlatforms) = preSolution
		Debug|Any CPU = Debug|Any CPU
		Release|Any CPU = Release|Any CPU
	EndGlobalSection
	GlobalSection(ProjectConfigurationPlatforms) = postSolution
		{E7EF7B67-7C4B-4D37-83D8-AF76F9845276}.Debug|Any CPU.ActiveCfg = Debug|Any CPU
		{E7EF7B67-7C4B-4D37-83D8-AF76F9845276}.Debug|Any CPU.Build.0 = Debug|Any CPU
		{E7EF7B67-7C4B-4D37-83D8-AF76F9845276}.Release|Any CPU.ActiveCfg = Release|Any CPU
		{E7EF7B67-7C4B-4D37-83D8-AF76F9845276}.Release|Any CPU.Build.0 = Release|Any CPU
		{F4F1A892-3B12-4840-98FB-252FD7CB0407}.Debug|Any CPU.ActiveCfg = Debug|Any CPU
		{F4F1A892-3B12-4840-98FB-252FD7CB0407}.Debug|Any CPU.Build.0 = Debug|Any CPU
		{F4F1A892-3B12-4840-98FB-252FD7CB0407}.Release|Any CPU.ActiveCfg = Release|Any CPU
		{F4F1A892-3B12-4840-98FB-252FD7CB0407}.Release|Any CPU.Build.0 = Release|Any CPU
		{15A5024B-B5C9-439D-B1F5-7754B1F22F73}.Debug|Any CPU.ActiveCfg = Debug|Any CPU
		{15A5024B-B5C9-439D-B1F5-7754B1F22F73}.Debug|Any CPU.Build.0 = Debug|Any CPU
		{15A5024B-B5C9-439D-B1F5-7754B1F22F73}.Release|Any CPU.ActiveCfg = Release|Any CPU
		{15A5024B-B5C9-439D-B1F5-7754B1F22F73}.Release|Any CPU.Build.0 = Release|Any CPU
		{F3E215DC-F810-470F-819E-608B67AF327C}.Debug|Any CPU.ActiveCfg = Debug|Any CPU
		{F3E215DC-F810-470F-819E-608B67AF327C}.Debug|Any CPU.Build.0 = Debug|Any CPU
		{F3E215DC-F810-470F-819E-608B67AF327C}.Release|Any CPU.ActiveCfg = Release|Any CPU
		{F3E215DC-F810-470F-819E-608B67AF327C}.Release|Any CPU.Build.0 = Release|Any CPU
	EndGlobalSection
	GlobalSection(SolutionProperties) = preSolution
		HideSolutionNode = FALSE
	EndGlobalSection
	GlobalSection(ExtensibilityGlobals) = postSolution
		SolutionGuid = {1649A624-A879-425A-B10C-07FB634F72BD}
	EndGlobalSection
EndGlobal
