
Microsoft Visual Studio Solution File, Format Version 12.00
# Visual Studio 15
VisualStudioVersion = 15.0.28010.2046
MinimumVisualStudioVersion = 10.0.40219.1
Project("{FAE04EC0-301F-11D3-BF4B-00C04F79EFBC}") = "HelloWorld", "HelloWorld\HelloWorld.csproj", "{5FBDDC5D-889D-44E5-A23E-28C7B3FDF59B}"
EndProject
Project("{FAE04EC0-301F-11D3-BF4B-00C04F79EFBC}") = "ConsoleApp1", "ConsoleApp1\ConsoleApp1.csproj", "{310171F0-7917-4ACD-B6B9-125275F52F62}"
EndProject
Project("{FAE04EC0-301F-11D3-BF4B-00C04F79EFBC}") = "ConsoleApp2", "ConsoleApp2\ConsoleApp2.csproj", "{65EDBD86-A467-421E-B013-D1AA959938AF}"
EndProject
Project("{FAE04EC0-301F-11D3-BF4B-00C04F79EFBC}") = "ConsoleApp3", "ConsoleApp3\ConsoleApp3.csproj", "{D90A4381-6AE0-4AB5-B70C-570293064A39}"
EndProject
Project("{FAE04EC0-301F-11D3-BF4B-00C04F79EFBC}") = "ConsoleApp4", "ConsoleApp4\ConsoleApp4.csproj", "{D273BF85-F751-427A-A537-E542E147A198}"
EndProject
Project("{FAE04EC0-301F-11D3-BF4B-00C04F79EFBC}") = "ConsoleApp5", "ConsoleApp5\ConsoleApp5.csproj", "{739E56B4-AAC5-4290-A86F-5CC46C28C8DF}"
EndProject
Project("{FAE04EC0-301F-11D3-BF4B-00C04F79EFBC}") = "ConsoleApp6", "ConsoleApp6\ConsoleApp6.csproj", "{47F063FA-2BDD-483C-A984-F33C7C9CEC94}"
EndProject
Project("{FAE04EC0-301F-11D3-BF4B-00C04F79EFBC}") = "ConsoleApp7", "ConsoleApp7\ConsoleApp7.csproj", "{3297217C-7679-4D1E-BC5E-F5EF3397E73A}"
EndProject
Project("{FAE04EC0-301F-11D3-BF4B-00C04F79EFBC}") = "ConsoleApp8", "ConsoleApp8\ConsoleApp8.csproj", "{51CBBE60-497D-4ECB-B08E-040C561E38F6}"
EndProject
Project("{FAE04EC0-301F-11D3-BF4B-00C04F79EFBC}") = "ConsoleApp9", "ConsoleApp9\ConsoleApp9.csproj", "{874EE0A2-83AC-4201-9B5B-578F41EEC0B5}"
EndProject
Project("{FAE04EC0-301F-11D3-BF4B-00C04F79EFBC}") = "ConsoleApp10", "ConsoleApp10\ConsoleApp10.csproj", "{C3D234A6-5888-414E-A7E0-13B9108E3FF5}"
EndProject
Project("{FAE04EC0-301F-11D3-BF4B-00C04F79EFBC}") = "ConsoleApp11", "ConsoleApp11\ConsoleApp11.csproj", "{B41CFC4C-ACE3-4D48-8B30-9C6F9A5D539A}"
EndProject
Project("{FAE04EC0-301F-11D3-BF4B-00C04F79EFBC}") = "ConsoleApp12", "ConsoleApp12\ConsoleApp12.csproj", "{580616BF-D0EC-452F-B0EC-6043F7A3C526}"
EndProject
Project("{FAE04EC0-301F-11D3-BF4B-00C04F79EFBC}") = "ConsoleApp13", "ConsoleApp13\ConsoleApp13.csproj", "{457CC5A4-B0BA-4E54-A9EB-13D00C19209C}"
EndProject
Global
	GlobalSection(SolutionConfigurationPlatforms) = preSolution
		Debug|Any CPU = Debug|Any CPU
		Release|Any CPU = Release|Any CPU
	EndGlobalSection
	GlobalSection(ProjectConfigurationPlatforms) = postSolution
		{5FBDDC5D-889D-44E5-A23E-28C7B3FDF59B}.Debug|Any CPU.ActiveCfg = Debug|Any CPU
		{5FBDDC5D-889D-44E5-A23E-28C7B3FDF59B}.Debug|Any CPU.Build.0 = Debug|Any CPU
		{5FBDDC5D-889D-44E5-A23E-28C7B3FDF59B}.Release|Any CPU.ActiveCfg = Release|Any CPU
		{5FBDDC5D-889D-44E5-A23E-28C7B3FDF59B}.Release|Any CPU.Build.0 = Release|Any CPU
		{310171F0-7917-4ACD-B6B9-125275F52F62}.Debug|Any CPU.ActiveCfg = Debug|Any CPU
		{310171F0-7917-4ACD-B6B9-125275F52F62}.Debug|Any CPU.Build.0 = Debug|Any CPU
		{310171F0-7917-4ACD-B6B9-125275F52F62}.Release|Any CPU.ActiveCfg = Release|Any CPU
		{310171F0-7917-4ACD-B6B9-125275F52F62}.Release|Any CPU.Build.0 = Release|Any CPU
		{65EDBD86-A467-421E-B013-D1AA959938AF}.Debug|Any CPU.ActiveCfg = Debug|Any CPU
		{65EDBD86-A467-421E-B013-D1AA959938AF}.Debug|Any CPU.Build.0 = Debug|Any CPU
		{65EDBD86-A467-421E-B013-D1AA959938AF}.Release|Any CPU.ActiveCfg = Release|Any CPU
		{65EDBD86-A467-421E-B013-D1AA959938AF}.Release|Any CPU.Build.0 = Release|Any CPU
		{D90A4381-6AE0-4AB5-B70C-570293064A39}.Debug|Any CPU.ActiveCfg = Debug|Any CPU
		{D90A4381-6AE0-4AB5-B70C-570293064A39}.Debug|Any CPU.Build.0 = Debug|Any CPU
		{D90A4381-6AE0-4AB5-B70C-570293064A39}.Release|Any CPU.ActiveCfg = Release|Any CPU
		{D90A4381-6AE0-4AB5-B70C-570293064A39}.Release|Any CPU.Build.0 = Release|Any CPU
		{D273BF85-F751-427A-A537-E542E147A198}.Debug|Any CPU.ActiveCfg = Debug|Any CPU
		{D273BF85-F751-427A-A537-E542E147A198}.Debug|Any CPU.Build.0 = Debug|Any CPU
		{D273BF85-F751-427A-A537-E542E147A198}.Release|Any CPU.ActiveCfg = Release|Any CPU
		{D273BF85-F751-427A-A537-E542E147A198}.Release|Any CPU.Build.0 = Release|Any CPU
		{739E56B4-AAC5-4290-A86F-5CC46C28C8DF}.Debug|Any CPU.ActiveCfg = Debug|Any CPU
		{739E56B4-AAC5-4290-A86F-5CC46C28C8DF}.Debug|Any CPU.Build.0 = Debug|Any CPU
		{739E56B4-AAC5-4290-A86F-5CC46C28C8DF}.Release|Any CPU.ActiveCfg = Release|Any CPU
		{739E56B4-AAC5-4290-A86F-5CC46C28C8DF}.Release|Any CPU.Build.0 = Release|Any CPU
		{47F063FA-2BDD-483C-A984-F33C7C9CEC94}.Debug|Any CPU.ActiveCfg = Debug|Any CPU
		{47F063FA-2BDD-483C-A984-F33C7C9CEC94}.Debug|Any CPU.Build.0 = Debug|Any CPU
		{47F063FA-2BDD-483C-A984-F33C7C9CEC94}.Release|Any CPU.ActiveCfg = Release|Any CPU
		{47F063FA-2BDD-483C-A984-F33C7C9CEC94}.Release|Any CPU.Build.0 = Release|Any CPU
		{3297217C-7679-4D1E-BC5E-F5EF3397E73A}.Debug|Any CPU.ActiveCfg = Debug|Any CPU
		{3297217C-7679-4D1E-BC5E-F5EF3397E73A}.Debug|Any CPU.Build.0 = Debug|Any CPU
		{3297217C-7679-4D1E-BC5E-F5EF3397E73A}.Release|Any CPU.ActiveCfg = Release|Any CPU
		{3297217C-7679-4D1E-BC5E-F5EF3397E73A}.Release|Any CPU.Build.0 = Release|Any CPU
		{51CBBE60-497D-4ECB-B08E-040C561E38F6}.Debug|Any CPU.ActiveCfg = Debug|Any CPU
		{51CBBE60-497D-4ECB-B08E-040C561E38F6}.Debug|Any CPU.Build.0 = Debug|Any CPU
		{51CBBE60-497D-4ECB-B08E-040C561E38F6}.Release|Any CPU.ActiveCfg = Release|Any CPU
		{51CBBE60-497D-4ECB-B08E-040C561E38F6}.Release|Any CPU.Build.0 = Release|Any CPU
		{874EE0A2-83AC-4201-9B5B-578F41EEC0B5}.Debug|Any CPU.ActiveCfg = Debug|Any CPU
		{874EE0A2-83AC-4201-9B5B-578F41EEC0B5}.Debug|Any CPU.Build.0 = Debug|Any CPU
		{874EE0A2-83AC-4201-9B5B-578F41EEC0B5}.Release|Any CPU.ActiveCfg = Release|Any CPU
		{874EE0A2-83AC-4201-9B5B-578F41EEC0B5}.Release|Any CPU.Build.0 = Release|Any CPU
		{C3D234A6-5888-414E-A7E0-13B9108E3FF5}.Debug|Any CPU.ActiveCfg = Debug|Any CPU
		{C3D234A6-5888-414E-A7E0-13B9108E3FF5}.Debug|Any CPU.Build.0 = Debug|Any CPU
		{C3D234A6-5888-414E-A7E0-13B9108E3FF5}.Release|Any CPU.ActiveCfg = Release|Any CPU
		{C3D234A6-5888-414E-A7E0-13B9108E3FF5}.Release|Any CPU.Build.0 = Release|Any CPU
		{B41CFC4C-ACE3-4D48-8B30-9C6F9A5D539A}.Debug|Any CPU.ActiveCfg = Debug|Any CPU
		{B41CFC4C-ACE3-4D48-8B30-9C6F9A5D539A}.Debug|Any CPU.Build.0 = Debug|Any CPU
		{B41CFC4C-ACE3-4D48-8B30-9C6F9A5D539A}.Release|Any CPU.ActiveCfg = Release|Any CPU
		{B41CFC4C-ACE3-4D48-8B30-9C6F9A5D539A}.Release|Any CPU.Build.0 = Release|Any CPU
		{580616BF-D0EC-452F-B0EC-6043F7A3C526}.Debug|Any CPU.ActiveCfg = Debug|Any CPU
		{580616BF-D0EC-452F-B0EC-6043F7A3C526}.Debug|Any CPU.Build.0 = Debug|Any CPU
		{580616BF-D0EC-452F-B0EC-6043F7A3C526}.Release|Any CPU.ActiveCfg = Release|Any CPU
		{580616BF-D0EC-452F-B0EC-6043F7A3C526}.Release|Any CPU.Build.0 = Release|Any CPU
		{457CC5A4-B0BA-4E54-A9EB-13D00C19209C}.Debug|Any CPU.ActiveCfg = Debug|Any CPU
		{457CC5A4-B0BA-4E54-A9EB-13D00C19209C}.Debug|Any CPU.Build.0 = Debug|Any CPU
		{457CC5A4-B0BA-4E54-A9EB-13D00C19209C}.Release|Any CPU.ActiveCfg = Release|Any CPU
		{457CC5A4-B0BA-4E54-A9EB-13D00C19209C}.Release|Any CPU.Build.0 = Release|Any CPU
	EndGlobalSection
	GlobalSection(SolutionProperties) = preSolution
		HideSolutionNode = FALSE
	EndGlobalSection
	GlobalSection(ExtensibilityGlobals) = postSolution
		SolutionGuid = {34305C89-90C3-4B90-ABDE-2C8A23127A62}
	EndGlobalSection
EndGlobal
