
Microsoft Visual Studio Solution File, Format Version 12.00
# Visual Studio 15
VisualStudioVersion = 15.0.28010.2046
MinimumVisualStudioVersion = 10.0.40219.1
Project("{FAE04EC0-301F-11D3-BF4B-00C04F79EFBC}") = "p84_DependencyPropertyTest", "p84_DependencyPropertyTest\p84_DependencyPropertyTest.csproj", "{54B5844E-64D7-4CB6-88E2-8865D8F040E5}"
EndProject
Project("{FAE04EC0-301F-11D3-BF4B-00C04F79EFBC}") = "p88_DPTest", "p88_DPTest\p88_DPTest.csproj", "{DCF4FCBB-F1CD-4FAF-BA4D-9348052294CF}"
EndProject
Project("{FAE04EC0-301F-11D3-BF4B-00C04F79EFBC}") = "p90_EventRoutingTest", "p90_EventRoutingTest\p90_EventRoutingTest.csproj", "{383C1E53-8940-47DE-B18E-A040041BC2F4}"
EndProject
Project("{FAE04EC0-301F-11D3-BF4B-00C04F79EFBC}") = "p94_EventRoutingTest2", "p94_EventRoutingTest2\p94_EventRoutingTest2.csproj", "{8C20DEB8-A9E1-40A2-99AC-500997589EF1}"
EndProject
Project("{FAE04EC0-301F-11D3-BF4B-00C04F79EFBC}") = "p103_GrdientBrushTest", "p103_GrdientBrushTest\p103_GrdientBrushTest.csproj", "{6868E7DE-8594-4EB0-B1A5-E446217EBB43}"
EndProject
Project("{FAE04EC0-301F-11D3-BF4B-00C04F79EFBC}") = "p113_ContentTest2", "p113_ContentTest2\p113_ContentTest2.csproj", "{DA9A38B3-4F26-45A4-BF12-144A70128AD2}"
EndProject
Project("{FAE04EC0-301F-11D3-BF4B-00C04F79EFBC}") = "p119_ButtonTest1", "p119_ButtonTest1\p119_ButtonTest1.csproj", "{85C92706-7927-42B8-81EA-CCDC521C1348}"
EndProject
Project("{FAE04EC0-301F-11D3-BF4B-00C04F79EFBC}") = "p121_ButtonTest2", "p121_ButtonTest2\p121_ButtonTest2.csproj", "{20EFBF65-CBBD-403D-86A9-0321FB36B65F}"
EndProject
Project("{FAE04EC0-301F-11D3-BF4B-00C04F79EFBC}") = "p127_StackPanelXamlTest", "p127_StackPanelXamlTest\p127_StackPanelXamlTest.csproj", "{00934C8F-620B-463F-8066-A8249D7D1396}"
EndProject
Project("{FAE04EC0-301F-11D3-BF4B-00C04F79EFBC}") = "p134_PanelTest3", "p134_PanelTest3\p134_PanelTest3.csproj", "{D8A3FA40-423C-47FA-A86B-9B00C2B3574A}"
EndProject
Project("{FAE04EC0-301F-11D3-BF4B-00C04F79EFBC}") = "p144_CanvasTest1", "p144_CanvasTest1\p144_CanvasTest1.csproj", "{1EF0B076-5686-407B-B916-580EB299E59A}"
EndProject
Project("{FAE04EC0-301F-11D3-BF4B-00C04F79EFBC}") = "p153_BindingLabelToScroll", "p153_BindingLabelToScroll\p153_BindingLabelToScroll.csproj", "{DE7D1E53-4AC8-45D0-9583-45C365EC38DC}"
EndProject
Project("{FAE04EC0-301F-11D3-BF4B-00C04F79EFBC}") = "p156_BindingScrollBarToLabel", "p156_BindingScrollBarToLabel\p156_BindingScrollBarToLabel.csproj", "{4FF91A40-EDFB-4C40-A5E5-6152F36A504E}"
EndProject
Project("{FAE04EC0-301F-11D3-BF4B-00C04F79EFBC}") = "p159_UpdateSourceTrigger", "p159_UpdateSourceTrigger\p159_UpdateSourceTrigger.csproj", "{1C985AB3-934C-4777-93AB-625ECCBE7EF2}"
EndProject
Project("{FAE04EC0-301F-11D3-BF4B-00C04F79EFBC}") = "p161_BindingTwoControll", "p161_BindingTwoControll\p161_BindingTwoControll.csproj", "{905DD72F-6F4B-4A62-83FB-B9F81C706FA7}"
EndProject
Project("{FAE04EC0-301F-11D3-BF4B-00C04F79EFBC}") = "p162_DataContext_TwoWay", "p162_DataContext_TwoWay\p162_DataContext_TwoWay.csproj", "{32B71D71-1228-452F-97F0-35D88C11CF03}"
EndProject
Project("{FAE04EC0-301F-11D3-BF4B-00C04F79EFBC}") = "p168_DayNames", "p168_DayNames\p168_DayNames.csproj", "{45C6CA8A-8330-4957-8529-4EED96EC44AD}"
EndProject
Project("{FAE04EC0-301F-11D3-BF4B-00C04F79EFBC}") = "p169_DigitalClock", "p169_DigitalClock\p169_DigitalClock.csproj", "{3B2C922B-AA76-45BB-8C0A-EA2C653E44F5}"
EndProject
Project("{FAE04EC0-301F-11D3-BF4B-00C04F79EFBC}") = "Task_WPFDataBinding", "Task_WPFDataBinding\Task_WPFDataBinding.csproj", "{F4B18D91-232D-4E2C-8CF0-333DD4AAF5FA}"
EndProject
Project("{FAE04EC0-301F-11D3-BF4B-00C04F79EFBC}") = "Task2_LoginWindow", "Task2_LoginWindow\Task2_LoginWindow.csproj", "{DD3627DD-F16D-4C9A-BF8F-62DA1A8BCA64}"
EndProject
Global
	GlobalSection(SolutionConfigurationPlatforms) = preSolution
		Debug|Any CPU = Debug|Any CPU
		Release|Any CPU = Release|Any CPU
	EndGlobalSection
	GlobalSection(ProjectConfigurationPlatforms) = postSolution
		{54B5844E-64D7-4CB6-88E2-8865D8F040E5}.Debug|Any CPU.ActiveCfg = Debug|Any CPU
		{54B5844E-64D7-4CB6-88E2-8865D8F040E5}.Debug|Any CPU.Build.0 = Debug|Any CPU
		{54B5844E-64D7-4CB6-88E2-8865D8F040E5}.Release|Any CPU.ActiveCfg = Release|Any CPU
		{54B5844E-64D7-4CB6-88E2-8865D8F040E5}.Release|Any CPU.Build.0 = Release|Any CPU
		{DCF4FCBB-F1CD-4FAF-BA4D-9348052294CF}.Debug|Any CPU.ActiveCfg = Debug|Any CPU
		{DCF4FCBB-F1CD-4FAF-BA4D-9348052294CF}.Debug|Any CPU.Build.0 = Debug|Any CPU
		{DCF4FCBB-F1CD-4FAF-BA4D-9348052294CF}.Release|Any CPU.ActiveCfg = Release|Any CPU
		{DCF4FCBB-F1CD-4FAF-BA4D-9348052294CF}.Release|Any CPU.Build.0 = Release|Any CPU
		{383C1E53-8940-47DE-B18E-A040041BC2F4}.Debug|Any CPU.ActiveCfg = Debug|Any CPU
		{383C1E53-8940-47DE-B18E-A040041BC2F4}.Debug|Any CPU.Build.0 = Debug|Any CPU
		{383C1E53-8940-47DE-B18E-A040041BC2F4}.Release|Any CPU.ActiveCfg = Release|Any CPU
		{383C1E53-8940-47DE-B18E-A040041BC2F4}.Release|Any CPU.Build.0 = Release|Any CPU
		{8C20DEB8-A9E1-40A2-99AC-500997589EF1}.Debug|Any CPU.ActiveCfg = Debug|Any CPU
		{8C20DEB8-A9E1-40A2-99AC-500997589EF1}.Debug|Any CPU.Build.0 = Debug|Any CPU
		{8C20DEB8-A9E1-40A2-99AC-500997589EF1}.Release|Any CPU.ActiveCfg = Release|Any CPU
		{8C20DEB8-A9E1-40A2-99AC-500997589EF1}.Release|Any CPU.Build.0 = Release|Any CPU
		{6868E7DE-8594-4EB0-B1A5-E446217EBB43}.Debug|Any CPU.ActiveCfg = Debug|Any CPU
		{6868E7DE-8594-4EB0-B1A5-E446217EBB43}.Debug|Any CPU.Build.0 = Debug|Any CPU
		{6868E7DE-8594-4EB0-B1A5-E446217EBB43}.Release|Any CPU.ActiveCfg = Release|Any CPU
		{6868E7DE-8594-4EB0-B1A5-E446217EBB43}.Release|Any CPU.Build.0 = Release|Any CPU
		{DA9A38B3-4F26-45A4-BF12-144A70128AD2}.Debug|Any CPU.ActiveCfg = Debug|Any CPU
		{DA9A38B3-4F26-45A4-BF12-144A70128AD2}.Debug|Any CPU.Build.0 = Debug|Any CPU
		{DA9A38B3-4F26-45A4-BF12-144A70128AD2}.Release|Any CPU.ActiveCfg = Release|Any CPU
		{DA9A38B3-4F26-45A4-BF12-144A70128AD2}.Release|Any CPU.Build.0 = Release|Any CPU
		{85C92706-7927-42B8-81EA-CCDC521C1348}.Debug|Any CPU.ActiveCfg = Debug|Any CPU
		{85C92706-7927-42B8-81EA-CCDC521C1348}.Debug|Any CPU.Build.0 = Debug|Any CPU
		{85C92706-7927-42B8-81EA-CCDC521C1348}.Release|Any CPU.ActiveCfg = Release|Any CPU
		{85C92706-7927-42B8-81EA-CCDC521C1348}.Release|Any CPU.Build.0 = Release|Any CPU
		{20EFBF65-CBBD-403D-86A9-0321FB36B65F}.Debug|Any CPU.ActiveCfg = Debug|Any CPU
		{20EFBF65-CBBD-403D-86A9-0321FB36B65F}.Debug|Any CPU.Build.0 = Debug|Any CPU
		{20EFBF65-CBBD-403D-86A9-0321FB36B65F}.Release|Any CPU.ActiveCfg = Release|Any CPU
		{20EFBF65-CBBD-403D-86A9-0321FB36B65F}.Release|Any CPU.Build.0 = Release|Any CPU
		{00934C8F-620B-463F-8066-A8249D7D1396}.Debug|Any CPU.ActiveCfg = Debug|Any CPU
		{00934C8F-620B-463F-8066-A8249D7D1396}.Debug|Any CPU.Build.0 = Debug|Any CPU
		{00934C8F-620B-463F-8066-A8249D7D1396}.Release|Any CPU.ActiveCfg = Release|Any CPU
		{00934C8F-620B-463F-8066-A8249D7D1396}.Release|Any CPU.Build.0 = Release|Any CPU
		{D8A3FA40-423C-47FA-A86B-9B00C2B3574A}.Debug|Any CPU.ActiveCfg = Debug|Any CPU
		{D8A3FA40-423C-47FA-A86B-9B00C2B3574A}.Debug|Any CPU.Build.0 = Debug|Any CPU
		{D8A3FA40-423C-47FA-A86B-9B00C2B3574A}.Release|Any CPU.ActiveCfg = Release|Any CPU
		{D8A3FA40-423C-47FA-A86B-9B00C2B3574A}.Release|Any CPU.Build.0 = Release|Any CPU
		{1EF0B076-5686-407B-B916-580EB299E59A}.Debug|Any CPU.ActiveCfg = Debug|Any CPU
		{1EF0B076-5686-407B-B916-580EB299E59A}.Debug|Any CPU.Build.0 = Debug|Any CPU
		{1EF0B076-5686-407B-B916-580EB299E59A}.Release|Any CPU.ActiveCfg = Release|Any CPU
		{1EF0B076-5686-407B-B916-580EB299E59A}.Release|Any CPU.Build.0 = Release|Any CPU
		{DE7D1E53-4AC8-45D0-9583-45C365EC38DC}.Debug|Any CPU.ActiveCfg = Debug|Any CPU
		{DE7D1E53-4AC8-45D0-9583-45C365EC38DC}.Debug|Any CPU.Build.0 = Debug|Any CPU
		{DE7D1E53-4AC8-45D0-9583-45C365EC38DC}.Release|Any CPU.ActiveCfg = Release|Any CPU
		{DE7D1E53-4AC8-45D0-9583-45C365EC38DC}.Release|Any CPU.Build.0 = Release|Any CPU
		{4FF91A40-EDFB-4C40-A5E5-6152F36A504E}.Debug|Any CPU.ActiveCfg = Debug|Any CPU
		{4FF91A40-EDFB-4C40-A5E5-6152F36A504E}.Debug|Any CPU.Build.0 = Debug|Any CPU
		{4FF91A40-EDFB-4C40-A5E5-6152F36A504E}.Release|Any CPU.ActiveCfg = Release|Any CPU
		{4FF91A40-EDFB-4C40-A5E5-6152F36A504E}.Release|Any CPU.Build.0 = Release|Any CPU
		{1C985AB3-934C-4777-93AB-625ECCBE7EF2}.Debug|Any CPU.ActiveCfg = Debug|Any CPU
		{1C985AB3-934C-4777-93AB-625ECCBE7EF2}.Debug|Any CPU.Build.0 = Debug|Any CPU
		{1C985AB3-934C-4777-93AB-625ECCBE7EF2}.Release|Any CPU.ActiveCfg = Release|Any CPU
		{1C985AB3-934C-4777-93AB-625ECCBE7EF2}.Release|Any CPU.Build.0 = Release|Any CPU
		{905DD72F-6F4B-4A62-83FB-B9F81C706FA7}.Debug|Any CPU.ActiveCfg = Debug|Any CPU
		{905DD72F-6F4B-4A62-83FB-B9F81C706FA7}.Debug|Any CPU.Build.0 = Debug|Any CPU
		{905DD72F-6F4B-4A62-83FB-B9F81C706FA7}.Release|Any CPU.ActiveCfg = Release|Any CPU
		{905DD72F-6F4B-4A62-83FB-B9F81C706FA7}.Release|Any CPU.Build.0 = Release|Any CPU
		{32B71D71-1228-452F-97F0-35D88C11CF03}.Debug|Any CPU.ActiveCfg = Debug|Any CPU
		{32B71D71-1228-452F-97F0-35D88C11CF03}.Debug|Any CPU.Build.0 = Debug|Any CPU
		{32B71D71-1228-452F-97F0-35D88C11CF03}.Release|Any CPU.ActiveCfg = Release|Any CPU
		{32B71D71-1228-452F-97F0-35D88C11CF03}.Release|Any CPU.Build.0 = Release|Any CPU
		{45C6CA8A-8330-4957-8529-4EED96EC44AD}.Debug|Any CPU.ActiveCfg = Debug|Any CPU
		{45C6CA8A-8330-4957-8529-4EED96EC44AD}.Debug|Any CPU.Build.0 = Debug|Any CPU
		{45C6CA8A-8330-4957-8529-4EED96EC44AD}.Release|Any CPU.ActiveCfg = Release|Any CPU
		{45C6CA8A-8330-4957-8529-4EED96EC44AD}.Release|Any CPU.Build.0 = Release|Any CPU
		{3B2C922B-AA76-45BB-8C0A-EA2C653E44F5}.Debug|Any CPU.ActiveCfg = Debug|Any CPU
		{3B2C922B-AA76-45BB-8C0A-EA2C653E44F5}.Debug|Any CPU.Build.0 = Debug|Any CPU
		{3B2C922B-AA76-45BB-8C0A-EA2C653E44F5}.Release|Any CPU.ActiveCfg = Release|Any CPU
		{3B2C922B-AA76-45BB-8C0A-EA2C653E44F5}.Release|Any CPU.Build.0 = Release|Any CPU
		{F4B18D91-232D-4E2C-8CF0-333DD4AAF5FA}.Debug|Any CPU.ActiveCfg = Debug|Any CPU
		{F4B18D91-232D-4E2C-8CF0-333DD4AAF5FA}.Debug|Any CPU.Build.0 = Debug|Any CPU
		{F4B18D91-232D-4E2C-8CF0-333DD4AAF5FA}.Release|Any CPU.ActiveCfg = Release|Any CPU
		{F4B18D91-232D-4E2C-8CF0-333DD4AAF5FA}.Release|Any CPU.Build.0 = Release|Any CPU
		{DD3627DD-F16D-4C9A-BF8F-62DA1A8BCA64}.Debug|Any CPU.ActiveCfg = Debug|Any CPU
		{DD3627DD-F16D-4C9A-BF8F-62DA1A8BCA64}.Debug|Any CPU.Build.0 = Debug|Any CPU
		{DD3627DD-F16D-4C9A-BF8F-62DA1A8BCA64}.Release|Any CPU.ActiveCfg = Release|Any CPU
		{DD3627DD-F16D-4C9A-BF8F-62DA1A8BCA64}.Release|Any CPU.Build.0 = Release|Any CPU
	EndGlobalSection
	GlobalSection(SolutionProperties) = preSolution
		HideSolutionNode = FALSE
	EndGlobalSection
	GlobalSection(ExtensibilityGlobals) = postSolution
		SolutionGuid = {4557B7BC-2003-4643-9120-5E6CE99D8C38}
	EndGlobalSection
EndGlobal
