
Microsoft Visual Studio Solution File, Format Version 12.00
# Visual Studio 15
VisualStudioVersion = 15.0.28010.2046
MinimumVisualStudioVersion = 10.0.40219.1
Project("{FAE04EC0-301F-11D3-BF4B-00C04F79EFBC}") = "Client", "Day6(18-10-22)\Client.csproj", "{65D7DE1F-6A36-4FD9-BD95-DD0196269162}"
EndProject
Project("{FAE04EC0-301F-11D3-BF4B-00C04F79EFBC}") = "my_client_code", "my_client_code\my_client_code.csproj", "{7FC802C1-9652-4287-B688-B87F630D0CC6}"
EndProject
Global
	GlobalSection(SolutionConfigurationPlatforms) = preSolution
		Debug|Any CPU = Debug|Any CPU
		Release|Any CPU = Release|Any CPU
	EndGlobalSection
	GlobalSection(ProjectConfigurationPlatforms) = postSolution
		{65D7DE1F-6A36-4FD9-BD95-DD0196269162}.Debug|Any CPU.ActiveCfg = Debug|Any CPU
		{65D7DE1F-6A36-4FD9-BD95-DD0196269162}.Debug|Any CPU.Build.0 = Debug|Any CPU
		{65D7DE1F-6A36-4FD9-BD95-DD0196269162}.Release|Any CPU.ActiveCfg = Release|Any CPU
		{65D7DE1F-6A36-4FD9-BD95-DD0196269162}.Release|Any CPU.Build.0 = Release|Any CPU
		{7FC802C1-9652-4287-B688-B87F630D0CC6}.Debug|Any CPU.ActiveCfg = Debug|Any CPU
		{7FC802C1-9652-4287-B688-B87F630D0CC6}.Debug|Any CPU.Build.0 = Debug|Any CPU
		{7FC802C1-9652-4287-B688-B87F630D0CC6}.Release|Any CPU.ActiveCfg = Release|Any CPU
		{7FC802C1-9652-4287-B688-B87F630D0CC6}.Release|Any CPU.Build.0 = Release|Any CPU
	EndGlobalSection
	GlobalSection(SolutionProperties) = preSolution
		HideSolutionNode = FALSE
	EndGlobalSection
	GlobalSection(ExtensibilityGlobals) = postSolution
		SolutionGuid = {ADF9BA6B-3D3B-4ED0-9A25-1FFD0928B8E6}
	EndGlobalSection
EndGlobal
