
Microsoft Visual Studio Solution File, Format Version 12.00
# Visual Studio 15
VisualStudioVersion = 15.0.28010.2046
MinimumVisualStudioVersion = 10.0.40219.1
Project("{FAE04EC0-301F-11D3-BF4B-00C04F79EFBC}") = "Day5(18-10-19) p159", "Day5(18-10-19)\Day5(18-10-19) p159.csproj", "{C591BA34-D791-490B-B4F4-5FA14E480352}"
EndProject
Project("{FAE04EC0-301F-11D3-BF4B-00C04F79EFBC}") = "p161_methodQuery", "p161_methodQuery\p161_methodQuery.csproj", "{204ED7CE-2895-4250-A5C2-29B090EB8BE1}"
EndProject
Project("{FAE04EC0-301F-11D3-BF4B-00C04F79EFBC}") = "p163_1.lambda{}", "p63_lambda{}\p163_1.lambda{}.csproj", "{EC7785DB-127D-4C93-9719-506B3F7CA0EE}"
EndProject
Project("{FAE04EC0-301F-11D3-BF4B-00C04F79EFBC}") = "p163_2", "p163_@\p163_2.csproj", "{A5B0B04B-0720-424C-ACF1-C445DCF564AA}"
EndProject
Project("{FAE04EC0-301F-11D3-BF4B-00C04F79EFBC}") = "p165_funcDeli", "p165_funcDeli\p165_funcDeli.csproj", "{256522AC-57C0-465E-A51E-B0C3DFAA9BE0}"
EndProject
Project("{FAE04EC0-301F-11D3-BF4B-00C04F79EFBC}") = "p167_actionDeli", "p167_actionDeli\p167_actionDeli.csproj", "{6C91C859-7DB3-4E1B-8D2B-D23960D37757}"
EndProject
Project("{FAE04EC0-301F-11D3-BF4B-00C04F79EFBC}") = "p170_linq_sql", "p170_linq_sql\p170_linq_sql.csproj", "{519E8F12-4D99-44B4-A212-4AD3DF387F2F}"
EndProject
Project("{FAE04EC0-301F-11D3-BF4B-00C04F79EFBC}") = "p173_linq_method", "p173_linq_method\p173_linq_method.csproj", "{5EC08CD6-E67A-4608-A5A6-62FC3FB7E53B}"
EndProject
Project("{FAE04EC0-301F-11D3-BF4B-00C04F79EFBC}") = "p176_linq_let", "p176_linq_let\p176_linq_let.csproj", "{FA952E10-F9F6-45E2-9332-2499234BD0CE}"
EndProject
Project("{FAE04EC0-301F-11D3-BF4B-00C04F79EFBC}") = "p200_multiThread", "p200_multiThread\p200_multiThread.csproj", "{ADC77294-133C-48BD-86C7-9C128C783B43}"
EndProject
Project("{FAE04EC0-301F-11D3-BF4B-00C04F79EFBC}") = "p203_multiThread_Suspend_Resume", "p203_multiThread_Suspend_Resume\p203_multiThread_Suspend_Resume.csproj", "{2B6065DC-746F-4248-8E4E-291937B1886D}"
EndProject
Project("{FAE04EC0-301F-11D3-BF4B-00C04F79EFBC}") = "p205_multiThread_Interupt", "p203_multiThread_Interupt\p205_multiThread_Interupt.csproj", "{73C4E10E-8503-4B57-B06D-45A2D2C715B3}"
EndProject
Project("{FAE04EC0-301F-11D3-BF4B-00C04F79EFBC}") = "p208_auto_manual_reset", "p208_auto_menual_reset\p208_auto_manual_reset.csproj", "{FCA91700-5797-4EAC-9C4E-006C500DB2BC}"
EndProject
Project("{FAE04EC0-301F-11D3-BF4B-00C04F79EFBC}") = "p212_threadStart", "p212_threadStart\p212_threadStart.csproj", "{5BB8394E-D518-4FA9-B3DF-44F6655E9D63}"
EndProject
Project("{FAE04EC0-301F-11D3-BF4B-00C04F79EFBC}") = "p215_thread_lock", "p215_thread_lock\p215_thread_lock.csproj", "{EB5E46E0-C7FD-4B27-AECE-CD182B20FA87}"
EndProject
Project("{FAE04EC0-301F-11D3-BF4B-00C04F79EFBC}") = "Task_1", "Task1\Task_1.csproj", "{814B3B8F-7ABB-4A8E-B41A-EA929AA81B7A}"
EndProject
Project("{FAE04EC0-301F-11D3-BF4B-00C04F79EFBC}") = "Task_7", "Task_@\Task_7.csproj", "{1FC77E3A-6995-44C9-90D5-E9229BA5C5BD}"
EndProject
Project("{FAE04EC0-301F-11D3-BF4B-00C04F79EFBC}") = "Task_8", "Task_8\Task_8.csproj", "{55C11AC2-5605-4DDD-AB59-5D308E2E7536}"
EndProject
Project("{FAE04EC0-301F-11D3-BF4B-00C04F79EFBC}") = "Task_9", "Task_9\Task_9.csproj", "{33548558-2D31-4E19-9FC6-A9F832A862D4}"
EndProject
Project("{FAE04EC0-301F-11D3-BF4B-00C04F79EFBC}") = "Task10", "Task10\Task10.csproj", "{12701708-CAFF-409D-A017-FCE8BB07091C}"
EndProject
Project("{FAE04EC0-301F-11D3-BF4B-00C04F79EFBC}") = "Task11", "Task11\Task11.csproj", "{34CDED7E-F549-4A05-B3AF-4CA3E7D9A83A}"
EndProject
Project("{FAE04EC0-301F-11D3-BF4B-00C04F79EFBC}") = "Task12", "Task12\Task12.csproj", "{D867DA1D-E968-4DEB-8756-BFD8545A3B8B}"
EndProject
Project("{FAE04EC0-301F-11D3-BF4B-00C04F79EFBC}") = "Task13", "Task13\Task13.csproj", "{FB136821-AE96-445D-8153-0EDCA9B2EE60}"
EndProject
Project("{FAE04EC0-301F-11D3-BF4B-00C04F79EFBC}") = "Task14", "Task14\Task14.csproj", "{A7AED246-9103-46F2-A308-5766C3EF3D03}"
EndProject
Project("{FAE04EC0-301F-11D3-BF4B-00C04F79EFBC}") = "Task15", "Task15\Task15.csproj", "{ADB2D392-A401-406A-AA58-1036033B1C8B}"
EndProject
Project("{FAE04EC0-301F-11D3-BF4B-00C04F79EFBC}") = "Task16", "Task16\Task16.csproj", "{93BD3F95-A23B-4CF5-A51C-C8A9774AC325}"
EndProject
Global
	GlobalSection(SolutionConfigurationPlatforms) = preSolution
		Debug|Any CPU = Debug|Any CPU
		Release|Any CPU = Release|Any CPU
	EndGlobalSection
	GlobalSection(ProjectConfigurationPlatforms) = postSolution
		{C591BA34-D791-490B-B4F4-5FA14E480352}.Debug|Any CPU.ActiveCfg = Debug|Any CPU
		{C591BA34-D791-490B-B4F4-5FA14E480352}.Debug|Any CPU.Build.0 = Debug|Any CPU
		{C591BA34-D791-490B-B4F4-5FA14E480352}.Release|Any CPU.ActiveCfg = Release|Any CPU
		{C591BA34-D791-490B-B4F4-5FA14E480352}.Release|Any CPU.Build.0 = Release|Any CPU
		{204ED7CE-2895-4250-A5C2-29B090EB8BE1}.Debug|Any CPU.ActiveCfg = Debug|Any CPU
		{204ED7CE-2895-4250-A5C2-29B090EB8BE1}.Debug|Any CPU.Build.0 = Debug|Any CPU
		{204ED7CE-2895-4250-A5C2-29B090EB8BE1}.Release|Any CPU.ActiveCfg = Release|Any CPU
		{204ED7CE-2895-4250-A5C2-29B090EB8BE1}.Release|Any CPU.Build.0 = Release|Any CPU
		{EC7785DB-127D-4C93-9719-506B3F7CA0EE}.Debug|Any CPU.ActiveCfg = Debug|Any CPU
		{EC7785DB-127D-4C93-9719-506B3F7CA0EE}.Debug|Any CPU.Build.0 = Debug|Any CPU
		{EC7785DB-127D-4C93-9719-506B3F7CA0EE}.Release|Any CPU.ActiveCfg = Release|Any CPU
		{EC7785DB-127D-4C93-9719-506B3F7CA0EE}.Release|Any CPU.Build.0 = Release|Any CPU
		{A5B0B04B-0720-424C-ACF1-C445DCF564AA}.Debug|Any CPU.ActiveCfg = Debug|Any CPU
		{A5B0B04B-0720-424C-ACF1-C445DCF564AA}.Debug|Any CPU.Build.0 = Debug|Any CPU
		{A5B0B04B-0720-424C-ACF1-C445DCF564AA}.Release|Any CPU.ActiveCfg = Release|Any CPU
		{A5B0B04B-0720-424C-ACF1-C445DCF564AA}.Release|Any CPU.Build.0 = Release|Any CPU
		{256522AC-57C0-465E-A51E-B0C3DFAA9BE0}.Debug|Any CPU.ActiveCfg = Debug|Any CPU
		{256522AC-57C0-465E-A51E-B0C3DFAA9BE0}.Debug|Any CPU.Build.0 = Debug|Any CPU
		{256522AC-57C0-465E-A51E-B0C3DFAA9BE0}.Release|Any CPU.ActiveCfg = Release|Any CPU
		{256522AC-57C0-465E-A51E-B0C3DFAA9BE0}.Release|Any CPU.Build.0 = Release|Any CPU
		{6C91C859-7DB3-4E1B-8D2B-D23960D37757}.Debug|Any CPU.ActiveCfg = Debug|Any CPU
		{6C91C859-7DB3-4E1B-8D2B-D23960D37757}.Debug|Any CPU.Build.0 = Debug|Any CPU
		{6C91C859-7DB3-4E1B-8D2B-D23960D37757}.Release|Any CPU.ActiveCfg = Release|Any CPU
		{6C91C859-7DB3-4E1B-8D2B-D23960D37757}.Release|Any CPU.Build.0 = Release|Any CPU
		{519E8F12-4D99-44B4-A212-4AD3DF387F2F}.Debug|Any CPU.ActiveCfg = Debug|Any CPU
		{519E8F12-4D99-44B4-A212-4AD3DF387F2F}.Debug|Any CPU.Build.0 = Debug|Any CPU
		{519E8F12-4D99-44B4-A212-4AD3DF387F2F}.Release|Any CPU.ActiveCfg = Release|Any CPU
		{519E8F12-4D99-44B4-A212-4AD3DF387F2F}.Release|Any CPU.Build.0 = Release|Any CPU
		{5EC08CD6-E67A-4608-A5A6-62FC3FB7E53B}.Debug|Any CPU.ActiveCfg = Debug|Any CPU
		{5EC08CD6-E67A-4608-A5A6-62FC3FB7E53B}.Debug|Any CPU.Build.0 = Debug|Any CPU
		{5EC08CD6-E67A-4608-A5A6-62FC3FB7E53B}.Release|Any CPU.ActiveCfg = Release|Any CPU
		{5EC08CD6-E67A-4608-A5A6-62FC3FB7E53B}.Release|Any CPU.Build.0 = Release|Any CPU
		{FA952E10-F9F6-45E2-9332-2499234BD0CE}.Debug|Any CPU.ActiveCfg = Debug|Any CPU
		{FA952E10-F9F6-45E2-9332-2499234BD0CE}.Debug|Any CPU.Build.0 = Debug|Any CPU
		{FA952E10-F9F6-45E2-9332-2499234BD0CE}.Release|Any CPU.ActiveCfg = Release|Any CPU
		{FA952E10-F9F6-45E2-9332-2499234BD0CE}.Release|Any CPU.Build.0 = Release|Any CPU
		{ADC77294-133C-48BD-86C7-9C128C783B43}.Debug|Any CPU.ActiveCfg = Debug|Any CPU
		{ADC77294-133C-48BD-86C7-9C128C783B43}.Debug|Any CPU.Build.0 = Debug|Any CPU
		{ADC77294-133C-48BD-86C7-9C128C783B43}.Release|Any CPU.ActiveCfg = Release|Any CPU
		{ADC77294-133C-48BD-86C7-9C128C783B43}.Release|Any CPU.Build.0 = Release|Any CPU
		{2B6065DC-746F-4248-8E4E-291937B1886D}.Debug|Any CPU.ActiveCfg = Debug|Any CPU
		{2B6065DC-746F-4248-8E4E-291937B1886D}.Debug|Any CPU.Build.0 = Debug|Any CPU
		{2B6065DC-746F-4248-8E4E-291937B1886D}.Release|Any CPU.ActiveCfg = Release|Any CPU
		{2B6065DC-746F-4248-8E4E-291937B1886D}.Release|Any CPU.Build.0 = Release|Any CPU
		{73C4E10E-8503-4B57-B06D-45A2D2C715B3}.Debug|Any CPU.ActiveCfg = Debug|Any CPU
		{73C4E10E-8503-4B57-B06D-45A2D2C715B3}.Debug|Any CPU.Build.0 = Debug|Any CPU
		{73C4E10E-8503-4B57-B06D-45A2D2C715B3}.Release|Any CPU.ActiveCfg = Release|Any CPU
		{73C4E10E-8503-4B57-B06D-45A2D2C715B3}.Release|Any CPU.Build.0 = Release|Any CPU
		{FCA91700-5797-4EAC-9C4E-006C500DB2BC}.Debug|Any CPU.ActiveCfg = Debug|Any CPU
		{FCA91700-5797-4EAC-9C4E-006C500DB2BC}.Debug|Any CPU.Build.0 = Debug|Any CPU
		{FCA91700-5797-4EAC-9C4E-006C500DB2BC}.Release|Any CPU.ActiveCfg = Release|Any CPU
		{FCA91700-5797-4EAC-9C4E-006C500DB2BC}.Release|Any CPU.Build.0 = Release|Any CPU
		{5BB8394E-D518-4FA9-B3DF-44F6655E9D63}.Debug|Any CPU.ActiveCfg = Debug|Any CPU
		{5BB8394E-D518-4FA9-B3DF-44F6655E9D63}.Debug|Any CPU.Build.0 = Debug|Any CPU
		{5BB8394E-D518-4FA9-B3DF-44F6655E9D63}.Release|Any CPU.ActiveCfg = Release|Any CPU
		{5BB8394E-D518-4FA9-B3DF-44F6655E9D63}.Release|Any CPU.Build.0 = Release|Any CPU
		{EB5E46E0-C7FD-4B27-AECE-CD182B20FA87}.Debug|Any CPU.ActiveCfg = Debug|Any CPU
		{EB5E46E0-C7FD-4B27-AECE-CD182B20FA87}.Debug|Any CPU.Build.0 = Debug|Any CPU
		{EB5E46E0-C7FD-4B27-AECE-CD182B20FA87}.Release|Any CPU.ActiveCfg = Release|Any CPU
		{EB5E46E0-C7FD-4B27-AECE-CD182B20FA87}.Release|Any CPU.Build.0 = Release|Any CPU
		{814B3B8F-7ABB-4A8E-B41A-EA929AA81B7A}.Debug|Any CPU.ActiveCfg = Debug|Any CPU
		{814B3B8F-7ABB-4A8E-B41A-EA929AA81B7A}.Debug|Any CPU.Build.0 = Debug|Any CPU
		{814B3B8F-7ABB-4A8E-B41A-EA929AA81B7A}.Release|Any CPU.ActiveCfg = Release|Any CPU
		{814B3B8F-7ABB-4A8E-B41A-EA929AA81B7A}.Release|Any CPU.Build.0 = Release|Any CPU
		{1FC77E3A-6995-44C9-90D5-E9229BA5C5BD}.Debug|Any CPU.ActiveCfg = Debug|Any CPU
		{1FC77E3A-6995-44C9-90D5-E9229BA5C5BD}.Debug|Any CPU.Build.0 = Debug|Any CPU
		{1FC77E3A-6995-44C9-90D5-E9229BA5C5BD}.Release|Any CPU.ActiveCfg = Release|Any CPU
		{1FC77E3A-6995-44C9-90D5-E9229BA5C5BD}.Release|Any CPU.Build.0 = Release|Any CPU
		{55C11AC2-5605-4DDD-AB59-5D308E2E7536}.Debug|Any CPU.ActiveCfg = Debug|Any CPU
		{55C11AC2-5605-4DDD-AB59-5D308E2E7536}.Debug|Any CPU.Build.0 = Debug|Any CPU
		{55C11AC2-5605-4DDD-AB59-5D308E2E7536}.Release|Any CPU.ActiveCfg = Release|Any CPU
		{55C11AC2-5605-4DDD-AB59-5D308E2E7536}.Release|Any CPU.Build.0 = Release|Any CPU
		{33548558-2D31-4E19-9FC6-A9F832A862D4}.Debug|Any CPU.ActiveCfg = Debug|Any CPU
		{33548558-2D31-4E19-9FC6-A9F832A862D4}.Debug|Any CPU.Build.0 = Debug|Any CPU
		{33548558-2D31-4E19-9FC6-A9F832A862D4}.Release|Any CPU.ActiveCfg = Release|Any CPU
		{33548558-2D31-4E19-9FC6-A9F832A862D4}.Release|Any CPU.Build.0 = Release|Any CPU
		{12701708-CAFF-409D-A017-FCE8BB07091C}.Debug|Any CPU.ActiveCfg = Debug|Any CPU
		{12701708-CAFF-409D-A017-FCE8BB07091C}.Debug|Any CPU.Build.0 = Debug|Any CPU
		{12701708-CAFF-409D-A017-FCE8BB07091C}.Release|Any CPU.ActiveCfg = Release|Any CPU
		{12701708-CAFF-409D-A017-FCE8BB07091C}.Release|Any CPU.Build.0 = Release|Any CPU
		{34CDED7E-F549-4A05-B3AF-4CA3E7D9A83A}.Debug|Any CPU.ActiveCfg = Debug|Any CPU
		{34CDED7E-F549-4A05-B3AF-4CA3E7D9A83A}.Debug|Any CPU.Build.0 = Debug|Any CPU
		{34CDED7E-F549-4A05-B3AF-4CA3E7D9A83A}.Release|Any CPU.ActiveCfg = Release|Any CPU
		{34CDED7E-F549-4A05-B3AF-4CA3E7D9A83A}.Release|Any CPU.Build.0 = Release|Any CPU
		{D867DA1D-E968-4DEB-8756-BFD8545A3B8B}.Debug|Any CPU.ActiveCfg = Debug|Any CPU
		{D867DA1D-E968-4DEB-8756-BFD8545A3B8B}.Debug|Any CPU.Build.0 = Debug|Any CPU
		{D867DA1D-E968-4DEB-8756-BFD8545A3B8B}.Release|Any CPU.ActiveCfg = Release|Any CPU
		{D867DA1D-E968-4DEB-8756-BFD8545A3B8B}.Release|Any CPU.Build.0 = Release|Any CPU
		{FB136821-AE96-445D-8153-0EDCA9B2EE60}.Debug|Any CPU.ActiveCfg = Debug|Any CPU
		{FB136821-AE96-445D-8153-0EDCA9B2EE60}.Debug|Any CPU.Build.0 = Debug|Any CPU
		{FB136821-AE96-445D-8153-0EDCA9B2EE60}.Release|Any CPU.ActiveCfg = Release|Any CPU
		{FB136821-AE96-445D-8153-0EDCA9B2EE60}.Release|Any CPU.Build.0 = Release|Any CPU
		{A7AED246-9103-46F2-A308-5766C3EF3D03}.Debug|Any CPU.ActiveCfg = Debug|Any CPU
		{A7AED246-9103-46F2-A308-5766C3EF3D03}.Debug|Any CPU.Build.0 = Debug|Any CPU
		{A7AED246-9103-46F2-A308-5766C3EF3D03}.Release|Any CPU.ActiveCfg = Release|Any CPU
		{A7AED246-9103-46F2-A308-5766C3EF3D03}.Release|Any CPU.Build.0 = Release|Any CPU
		{ADB2D392-A401-406A-AA58-1036033B1C8B}.Debug|Any CPU.ActiveCfg = Debug|Any CPU
		{ADB2D392-A401-406A-AA58-1036033B1C8B}.Debug|Any CPU.Build.0 = Debug|Any CPU
		{ADB2D392-A401-406A-AA58-1036033B1C8B}.Release|Any CPU.ActiveCfg = Release|Any CPU
		{ADB2D392-A401-406A-AA58-1036033B1C8B}.Release|Any CPU.Build.0 = Release|Any CPU
		{93BD3F95-A23B-4CF5-A51C-C8A9774AC325}.Debug|Any CPU.ActiveCfg = Debug|Any CPU
		{93BD3F95-A23B-4CF5-A51C-C8A9774AC325}.Debug|Any CPU.Build.0 = Debug|Any CPU
		{93BD3F95-A23B-4CF5-A51C-C8A9774AC325}.Release|Any CPU.ActiveCfg = Release|Any CPU
		{93BD3F95-A23B-4CF5-A51C-C8A9774AC325}.Release|Any CPU.Build.0 = Release|Any CPU
	EndGlobalSection
	GlobalSection(SolutionProperties) = preSolution
		HideSolutionNode = FALSE
	EndGlobalSection
	GlobalSection(ExtensibilityGlobals) = postSolution
		SolutionGuid = {48E1A718-9D19-4817-AF15-24C8899F0A50}
	EndGlobalSection
EndGlobal
